
Microsoft Visual Studio Solution File, Format Version 12.00
# Visual Studio Version 16
VisualStudioVersion = 16.0.30611.23
MinimumVisualStudioVersion = 10.0.40219.1
Project("{E24C65DC-7377-472B-9ABA-BC803B73C61A}") = "Gucera(2)", "..\..\..\Desktop\Desktop\Gucera\Gucera\", "{CE01D619-DBF8-4274-9740-D98868E7D50B}"
	ProjectSection(WebsiteProperties) = preProject
		TargetFrameworkMoniker = ".NETFramework,Version%3Dv4.7.2"
		Debug.AspNetCompiler.VirtualPath = "/localhost_55493"
		Debug.AspNetCompiler.PhysicalPath = "..\..\..\Desktop\Desktop\Gucera\Gucera\"
		Debug.AspNetCompiler.TargetPath = "PrecompiledWeb\localhost_55493\"
		Debug.AspNetCompiler.Updateable = "true"
		Debug.AspNetCompiler.ForceOverwrite = "true"
		Debug.AspNetCompiler.FixedNames = "false"
		Debug.AspNetCompiler.Debug = "True"
		Release.AspNetCompiler.VirtualPath = "/localhost_55493"
		Release.AspNetCompiler.PhysicalPath = "..\..\..\Desktop\Desktop\Gucera\Gucera\"
		Release.AspNetCompiler.TargetPath = "PrecompiledWeb\localhost_55493\"
		Release.AspNetCompiler.Updateable = "true"
		Release.AspNetCompiler.ForceOverwrite = "true"
		Release.AspNetCompiler.FixedNames = "false"
		Release.AspNetCompiler.Debug = "False"
		VWDPort = "55493"
	EndProjectSection
EndProject
Global
	GlobalSection(SolutionConfigurationPlatforms) = preSolution
		Debug|Any CPU = Debug|Any CPU
	EndGlobalSection
	GlobalSection(ProjectConfigurationPlatforms) = postSolution
		{CE01D619-DBF8-4274-9740-D98868E7D50B}.Debug|Any CPU.ActiveCfg = Debug|Any CPU
		{CE01D619-DBF8-4274-9740-D98868E7D50B}.Debug|Any CPU.Build.0 = Debug|Any CPU
	EndGlobalSection
	GlobalSection(SolutionProperties) = preSolution
		HideSolutionNode = FALSE
	EndGlobalSection
	GlobalSection(ExtensibilityGlobals) = postSolution
		SolutionGuid = {F2BD7338-D769-4EDB-8A55-C3F32810188C}
	EndGlobalSection
EndGlobal
